// !$*UTF8*$!
{
	archiveVersion = 1;
	classes = {
	};
	objectVersion = 46;
	objects = {

/* Begin PBXBuildFile section */
		D8820D6419E2068D006FBFDA /* main.m in Sources */ = {isa = PBXBuildFile; fileRef = D8820D6319E2068D006FBFDA /* main.m */; };
		D8820D6719E2068D006FBFDA /* AppDelegate.m in Sources */ = {isa = PBXBuildFile; fileRef = D8820D6619E2068D006FBFDA /* AppDelegate.m */; };
		D8820D6A19E2068D006FBFDA /* MasterViewController.m in Sources */ = {isa = PBXBuildFile; fileRef = D8820D6919E2068D006FBFDA /* MasterViewController.m */; };
		D8820D6D19E2068D006FBFDA /* DetailViewController.m in Sources */ = {isa = PBXBuildFile; fileRef = D8820D6C19E2068D006FBFDA /* DetailViewController.m */; };
		D8820D7019E2068D006FBFDA /* Main.storyboard in Resources */ = {isa = PBXBuildFile; fileRef = D8820D6E19E2068D006FBFDA /* Main.storyboard */; };
		D8820D7219E2068D006FBFDA /* Images.xcassets in Resources */ = {isa = PBXBuildFile; fileRef = D8820D7119E2068D006FBFDA /* Images.xcassets */; };
		D8820D7519E2068D006FBFDA /* LaunchScreen.xib in Resources */ = {isa = PBXBuildFile; fileRef = D8820D7319E2068D006FBFDA /* LaunchScreen.xib */; };
		D8820D8119E2068D006FBFDA /* demoTests.m in Sources */ = {isa = PBXBuildFile; fileRef = D8820D8019E2068D006FBFDA /* demoTests.m */; };
/* End PBXBuildFile section */

/* Begin PBXContainerItemProxy section */
		D8820D7B19E2068D006FBFDA /* PBXContainerItemProxy */ = {
			isa = PBXContainerItemProxy;
			containerPortal = D8820D5619E2068D006FBFDA /* Project object */;
			proxyType = 1;
			remoteGlobalIDString = D8820D5D19E2068D006FBFDA;
			remoteInfo = demo;
		};
/* End PBXContainerItemProxy section */

/* Begin PBXFileReference section */
		D8820D5E19E2068D006FBFDA /* demo.app */ = {isa = PBXFileReference; explicitFileType = wrapper.application; includeInIndex = 0; path = demo.app; sourceTree = BUILT_PRODUCTS_DIR; };
		D8820D6219E2068D006FBFDA /* Info.plist */ = {isa = PBXFileReference; lastKnownFileType = text.plist.xml; path = Info.plist; sourceTree = "<group>"; };
		D8820D6319E2068D006FBFDA /* main.m */ = {isa = PBXFileReference; lastKnownFileType = sourcecode.c.objc; path = main.m; sourceTree = "<group>"; };
		D8820D6519E2068D006FBFDA /* AppDelegate.h */ = {isa = PBXFileReference; lastKnownFileType = sourcecode.c.h; path = AppDelegate.h; sourceTree = "<group>"; };
		D8820D6619E2068D006FBFDA /* AppDelegate.m */ = {isa = PBXFileReference; lastKnownFileType = sourcecode.c.objc; path = AppDelegate.m; sourceTree = "<group>"; };
		D8820D6819E2068D006FBFDA /* MasterViewController.h */ = {isa = PBXFileReference; lastKnownFileType = sourcecode.c.h; path = MasterViewController.h; sourceTree = "<group>"; };
		D8820D6919E2068D006FBFDA /* MasterViewController.m */ = {isa = PBXFileReference; lastKnownFileType = sourcecode.c.objc; path = MasterViewController.m; sourceTree = "<group>"; };
		D8820D6B19E2068D006FBFDA /* DetailViewController.h */ = {isa = PBXFileReference; lastKnownFileType = sourcecode.c.h; path = DetailViewController.h; sourceTree = "<group>"; };
		D8820D6C19E2068D006FBFDA /* DetailViewController.m */ = {isa = PBXFileReference; lastKnownFileType = sourcecode.c.objc; path = DetailViewController.m; sourceTree = "<group>"; };
		D8820D6F19E2068D006FBFDA /* Base */ = {isa = PBXFileReference; lastKnownFileType = file.storyboard; name = Base; path = Base.lproj/Main.storyboard; sourceTree = "<group>"; };
		D8820D7119E2068D006FBFDA /* Images.xcassets */ = {isa = PBXFileReference; lastKnownFileType = folder.assetcatalog; path = Images.xcassets; sourceTree = "<group>"; };
		D8820D7419E2068D006FBFDA /* Base */ = {isa = PBXFileReference; lastKnownFileType = file.xib; name = Base; path = Base.lproj/LaunchScreen.xib; sourceTree = "<group>"; };
		D8820D7A19E2068D006FBFDA /* demoTests.xctest */ = {isa = PBXFileReference; explicitFileType = wrapper.cfbundle; includeInIndex = 0; path = demoTests.xctest; sourceTree = BUILT_PRODUCTS_DIR; };
		D8820D7F19E2068D006FBFDA /* Info.plist */ = {isa = PBXFileReference; lastKnownFileType = text.plist.xml; path = Info.plist; sourceTree = "<group>"; };
		D8820D8019E2068D006FBFDA /* demoTests.m */ = {isa = PBXFileReference; lastKnownFileType = sourcecode.c.objc; path = demoTests.m; sourceTree = "<group>"; };
/* End PBXFileReference section */

/* Begin PBXFrameworksBuildPhase section */
		D8820D5B19E2068D006FBFDA /* Frameworks */ = {
			isa = PBXFrameworksBuildPhase;
			buildActionMask = 2147483647;
			files = (
			);
			runOnlyForDeploymentPostprocessing = 0;
		};
		D8820D7719E2068D006FBFDA /* Frameworks */ = {
			isa = PBXFrameworksBuildPhase;
			buildActionMask = 2147483647;
			files = (
			);
			runOnlyForDeploymentPostprocessing = 0;
		};
/* End PBXFrameworksBuildPhase section */

/* Begin PBXGroup section */
		D8820D5519E2068D006FBFDA = {
			isa = PBXGroup;
			children = (
				D8820D6019E2068D006FBFDA /* demo */,
				D8820D7D19E2068D006FBFDA /* demoTests */,
				D8820D5F19E2068D006FBFDA /* Products */,
			);
			sourceTree = "<group>";
		};
		D8820D5F19E2068D006FBFDA /* Products */ = {
			isa = PBXGroup;
			children = (
				D8820D5E19E2068D006FBFDA /* demo.app */,
				D8820D7A19E2068D006FBFDA /* demoTests.xctest */,
			);
			name = Products;
			sourceTree = "<group>";
		};
		D8820D6019E2068D006FBFDA /* demo */ = {
			isa = PBXGroup;
			children = (
				D8820D6519E2068D006FBFDA /* AppDelegate.h */,
				D8820D6619E2068D006FBFDA /* AppDelegate.m */,
				D8820D6819E2068D006FBFDA /* MasterViewController.h */,
				D8820D6919E2068D006FBFDA /* MasterViewController.m */,
				D8820D6B19E2068D006FBFDA /* DetailViewController.h */,
				D8820D6C19E2068D006FBFDA /* DetailViewController.m */,
				D8820D6E19E2068D006FBFDA /* Main.storyboard */,
				D8820D7119E2068D006FBFDA /* Images.xcassets */,
				D8820D7319E2068D006FBFDA /* LaunchScreen.xib */,
				D8820D6119E2068D006FBFDA /* Supporting Files */,
			);
			path = demo;
			sourceTree = "<group>";
		};
		D8820D6119E2068D006FBFDA /* Supporting Files */ = {
			isa = PBXGroup;
			children = (
				D8820D6219E2068D006FBFDA /* Info.plist */,
				D8820D6319E2068D006FBFDA /* main.m */,
			);
			name = "Supporting Files";
			sourceTree = "<group>";
		};
		D8820D7D19E2068D006FBFDA /* demoTests */ = {
			isa = PBXGroup;
			children = (
				D8820D8019E2068D006FBFDA /* demoTests.m */,
				D8820D7E19E2068D006FBFDA /* Supporting Files */,
			);
			path = demoTests;
			sourceTree = "<group>";
		};
		D8820D7E19E2068D006FBFDA /* Supporting Files */ = {
			isa = PBXGroup;
			children = (
				D8820D7F19E2068D006FBFDA /* Info.plist */,
			);
			name = "Supporting Files";
			sourceTree = "<group>";
		};
/* End PBXGroup section */

/* Begin PBXNativeTarget section */
		D8820D5D19E2068D006FBFDA /* demo */ = {
			isa = PBXNativeTarget;
			buildConfigurationList = D8820D8419E2068D006FBFDA /* Build configuration list for PBXNativeTarget "demo" */;
			buildPhases = (
				D8820D5A19E2068D006FBFDA /* Sources */,
				D8820D5B19E2068D006FBFDA /* Frameworks */,
				D8820D5C19E2068D006FBFDA /* Resources */,
			);
			buildRules = (
			);
			dependencies = (
			);
			name = demo;
			productName = demo;
			productReference = D8820D5E19E2068D006FBFDA /* demo.app */;
			productType = "com.apple.product-type.application";
		};
		D8820D7919E2068D006FBFDA /* demoTests */ = {
			isa = PBXNativeTarget;
			buildConfigurationList = D8820D8719E2068D006FBFDA /* Build configuration list for PBXNativeTarget "demoTests" */;
			buildPhases = (
				D8820D7619E2068D006FBFDA /* Sources */,
				D8820D7719E2068D006FBFDA /* Frameworks */,
				D8820D7819E2068D006FBFDA /* Resources */,
			);
			buildRules = (
			);
			dependencies = (
				D8820D7C19E2068D006FBFDA /* PBXTargetDependency */,
			);
			name = demoTests;
			productName = demoTests;
			productReference = D8820D7A19E2068D006FBFDA /* demoTests.xctest */;
			productType = "com.apple.product-type.bundle.unit-test";
		};
/* End PBXNativeTarget section */

/* Begin PBXProject section */
		D8820D5619E2068D006FBFDA /* Project object */ = {
			isa = PBXProject;
			attributes = {
				LastUpgradeCheck = 0600;
				ORGANIZATIONNAME = SafeCode;
				TargetAttributes = {
					D8820D5D19E2068D006FBFDA = {
						CreatedOnToolsVersion = 6.0.1;
					};
					D8820D7919E2068D006FBFDA = {
						CreatedOnToolsVersion = 6.0.1;
						TestTargetID = D8820D5D19E2068D006FBFDA;
					};
				};
			};
			buildConfigurationList = D8820D5919E2068D006FBFDA /* Build configuration list for PBXProject "demo" */;
			compatibilityVersion = "Xcode 3.2";
			developmentRegion = English;
			hasScannedForEncodings = 0;
			knownRegions = (
				en,
				Base,
			);
			mainGroup = D8820D5519E2068D006FBFDA;
			productRefGroup = D8820D5F19E2068D006FBFDA /* Products */;
			projectDirPath = "";
			projectRoot = "";
			targets = (
				D8820D5D19E2068D006FBFDA /* demo */,
				D8820D7919E2068D006FBFDA /* demoTests */,
			);
		};
/* End PBXProject section */

/* Begin PBXResourcesBuildPhase section */
		D8820D5C19E2068D006FBFDA /* Resources */ = {
			isa = PBXResourcesBuildPhase;
			buildActionMask = 2147483647;
			files = (
				D8820D7019E2068D006FBFDA /* Main.storyboard in Resources */,
				D8820D7519E2068D006FBFDA /* LaunchScreen.xib in Resources */,
				D8820D7219E2068D006FBFDA /* Images.xcassets in Resources */,
			);
			runOnlyForDeploymentPostprocessing = 0;
		};
		D8820D7819E2068D006FBFDA /* Resources */ = {
			isa = PBXResourcesBuildPhase;
			buildActionMask = 2147483647;
			files = (
			);
			runOnlyForDeploymentPostprocessing = 0;
		};
/* End PBXResourcesBuildPhase section */

/* Begin PBXSourcesBuildPhase section */
		D8820D5A19E2068D006FBFDA /* Sources */ = {
			isa = PBXSourcesBuildPhase;
			buildActionMask = 2147483647;
			files = (
				D8820D6719E2068D006FBFDA /* AppDelegate.m in Sources */,
				D8820D6A19E2068D006FBFDA /* MasterViewController.m in Sources */,
				D8820D6419E2068D006FBFDA /* main.m in Sources */,
				D8820D6D19E2068D006FBFDA /* DetailViewController.m in Sources */,
			);
			runOnlyForDeploymentPostprocessing = 0;
		};
		D8820D7619E2068D006FBFDA /* Sources */ = {
			isa = PBXSourcesBuildPhase;
			buildActionMask = 2147483647;
			files = (
				D8820D8119E2068D006FBFDA /* demoTests.m in Sources */,
			);
			runOnlyForDeploymentPostprocessing = 0;
		};
/* End PBXSourcesBuildPhase section */

/* Begin PBXTargetDependency section */
		D8820D7C19E2068D006FBFDA /* PBXTargetDependency */ = {
			isa = PBXTargetDependency;
			target = D8820D5D19E2068D006FBFDA /* demo */;
			targetProxy = D8820D7B19E2068D006FBFDA /* PBXContainerItemProxy */;
		};
/* End PBXTargetDependency section */

/* Begin PBXVariantGroup section */
		D8820D6E19E2068D006FBFDA /* Main.storyboard */ = {
			isa = PBXVariantGroup;
			children = (
				D8820D6F19E2068D006FBFDA /* Base */,
			);
			name = Main.storyboard;
			sourceTree = "<group>";
		};
		D8820D7319E2068D006FBFDA /* LaunchScreen.xib */ = {
			isa = PBXVariantGroup;
			children = (
				D8820D7419E2068D006FBFDA /* Base */,
			);
			name = LaunchScreen.xib;
			sourceTree = "<group>";
		};
/* End PBXVariantGroup section */

/* Begin XCBuildConfiguration section */
		D8820D8219E2068D006FBFDA /* Debug */ = {
			isa = XCBuildConfiguration;
			buildSettings = {
				ALWAYS_SEARCH_USER_PATHS = NO;
				CLANG_CXX_LANGUAGE_STANDARD = "gnu++0x";
				CLANG_CXX_LIBRARY = "libc++";
				CLANG_ENABLE_MODULES = YES;
				CLANG_ENABLE_OBJC_ARC = YES;
				CLANG_WARN_BOOL_CONVERSION = YES;
				CLANG_WARN_CONSTANT_CONVERSION = YES;
				CLANG_WARN_DIRECT_OBJC_ISA_USAGE = YES_ERROR;
				CLANG_WARN_EMPTY_BODY = YES;
				CLANG_WARN_ENUM_CONVERSION = YES;
				CLANG_WARN_INT_CONVERSION = YES;
				CLANG_WARN_OBJC_ROOT_CLASS = YES_ERROR;
				CLANG_WARN_UNREACHABLE_CODE = YES;
				CLANG_WARN__DUPLICATE_METHOD_MATCH = YES;
				"CODE_SIGN_IDENTITY[sdk=iphoneos*]" = "iPhone Developer";
				COPY_PHASE_STRIP = NO;
				ENABLE_STRICT_OBJC_MSGSEND = YES;
				GCC_C_LANGUAGE_STANDARD = gnu99;
				GCC_DYNAMIC_NO_PIC = NO;
				GCC_OPTIMIZATION_LEVEL = 0;
				GCC_PREPROCESSOR_DEFINITIONS = (
					"DEBUG=1",
					"$(inherited)",
				);
				GCC_SYMBOLS_PRIVATE_EXTERN = NO;
				GCC_WARN_64_TO_32_BIT_CONVERSION = YES;
				GCC_WARN_ABOUT_RETURN_TYPE = YES_ERROR;
				GCC_WARN_UNDECLARED_SELECTOR = YES;
				GCC_WARN_UNINITIALIZED_AUTOS = YES_AGGRESSIVE;
				GCC_WARN_UNUSED_FUNCTION = YES;
				GCC_WARN_UNUSED_VARIABLE = YES;
				IPHONEOS_DEPLOYMENT_TARGET = 8.0;
				MTL_ENABLE_DEBUG_INFO = YES;
				ONLY_ACTIVE_ARCH = YES;
				SDKROOT = iphoneos;
				TARGETED_DEVICE_FAMILY = "1,2";
			};
			name = Debug;
		};
		D8820D8319E2068D006FBFDA /* Release */ = {
			isa = XCBuildConfiguration;
			buildSettings = {
				ALWAYS_SEARCH_USER_PATHS = NO;
				CLANG_CXX_LANGUAGE_STANDARD = "gnu++0x";
				CLANG_CXX_LIBRARY = "libc++";
				CLANG_ENABLE_MODULES = YES;
				CLANG_ENABLE_OBJC_ARC = YES;
				CLANG_WARN_BOOL_CONVERSION = YES;
				CLANG_WARN_CONSTANT_CONVERSION = YES;
				CLANG_WARN_DIRECT_OBJC_ISA_USAGE = YES_ERROR;
				CLANG_WARN_EMPTY_BODY = YES;
				CLANG_WARN_ENUM_CONVERSION = YES;
				CLANG_WARN_INT_CONVERSION = YES;
				CLANG_WARN_OBJC_ROOT_CLASS = YES_ERROR;
				CLANG_WARN_UNREACHABLE_CODE = YES;
				CLANG_WARN__DUPLICATE_METHOD_MATCH = YES;
				"CODE_SIGN_IDENTITY[sdk=iphoneos*]" = "iPhone Developer";
				COPY_PHASE_STRIP = YES;
				ENABLE_NS_ASSERTIONS = NO;
				ENABLE_STRICT_OBJC_MSGSEND = YES;
				GCC_C_LANGUAGE_STANDARD = gnu99;
				GCC_WARN_64_TO_32_BIT_CONVERSION = YES;
				GCC_WARN_ABOUT_RETURN_TYPE = YES_ERROR;
				GCC_WARN_UNDECLARED_SELECTOR = YES;
				GCC_WARN_UNINITIALIZED_AUTOS = YES_AGGRESSIVE;
				GCC_WARN_UNUSED_FUNCTION = YES;
				GCC_WARN_UNUSED_VARIABLE = YES;
				IPHONEOS_DEPLOYMENT_TARGET = 8.0;
				MTL_ENABLE_DEBUG_INFO = NO;
				SDKROOT = iphoneos;
				TARGETED_DEVICE_FAMILY = "1,2";
				VALIDATE_PRODUCT = YES;
			};
			name = Release;
		};
		D8820D8519E2068D006FBFDA /* Debug */ = {
			isa = XCBuildConfiguration;
			buildSettings = {
				ASSETCATALOG_COMPILER_APPICON_NAME = AppIcon;
				INFOPLIST_FILE = demo/Info.plist;
				LD_RUNPATH_SEARCH_PATHS = "$(inherited) @executable_path/Frameworks";
				PRODUCT_NAME = "$(TARGET_NAME)";
			};
			name = Debug;
		};
		D8820D8619E2068D006FBFDA /* Release */ = {
			isa = XCBuildConfiguration;
			buildSettings = {
				ASSETCATALOG_COMPILER_APPICON_NAME = AppIcon;
				INFOPLIST_FILE = demo/Info.plist;
				LD_RUNPATH_SEARCH_PATHS = "$(inherited) @executable_path/Frameworks";
				PRODUCT_NAME = "$(TARGET_NAME)";
			};
			name = Release;
		};
		D8820D8819E2068D006FBFDA /* Debug */ = {
			isa = XCBuildConfiguration;
			buildSettings = {
				BUNDLE_LOADER = "$(TEST_HOST)";
				FRAMEWORK_SEARCH_PATHS = (
					"$(SDKROOT)/Developer/Library/Frameworks",
					"$(inherited)",
				);
				GCC_PREPROCESSOR_DEFINITIONS = (
					"DEBUG=1",
					"$(inherited)",
				);
				INFOPLIST_FILE = demoTests/Info.plist;
				LD_RUNPATH_SEARCH_PATHS = "$(inherited) @executable_path/Frameworks @loader_path/Frameworks";
				PRODUCT_NAME = "$(TARGET_NAME)";
				TEST_HOST = "$(BUILT_PRODUCTS_DIR)/demo.app/demo";
			};
			name = Debug;
		};
		D8820D8919E2068D006FBFDA /* Release */ = {
			isa = XCBuildConfiguration;
			buildSettings = {
				BUNDLE_LOADER = "$(TEST_HOST)";
				FRAMEWORK_SEARCH_PATHS = (
					"$(SDKROOT)/Developer/Library/Frameworks",
					"$(inherited)",
				);
				INFOPLIST_FILE = demoTests/Info.plist;
				LD_RUNPATH_SEARCH_PATHS = "$(inherited) @executable_path/Frameworks @loader_path/Frameworks";
				PRODUCT_NAME = "$(TARGET_NAME)";
				TEST_HOST = "$(BUILT_PRODUCTS_DIR)/demo.app/demo";
			};
			name = Release;
		};
/* End XCBuildConfiguration section */

/* Begin XCConfigurationList section */
		D8820D5919E2068D006FBFDA /* Build configuration list for PBXProject "demo" */ = {
			isa = XCConfigurationList;
			buildConfigurations = (
				D8820D8219E2068D006FBFDA /* Debug */,
				D8820D8319E2068D006FBFDA /* Release */,
			);
			defaultConfigurationIsVisible = 0;
			defaultConfigurationName = Release;
		};
		D8820D8419E2068D006FBFDA /* Build configuration list for PBXNativeTarget "demo" */ = {
			isa = XCConfigurationList;
			buildConfigurations = (
				D8820D8519E2068D006FBFDA /* Debug */,
				D8820D8619E2068D006FBFDA /* Release */,
			);
			defaultConfigurationIsVisible = 0;
		};
		D8820D8719E2068D006FBFDA /* Build configuration list for PBXNativeTarget "demoTests" */ = {
			isa = XCConfigurationList;
			buildConfigurations = (
				D8820D8819E2068D006FBFDA /* Debug */,
				D8820D8919E2068D006FBFDA /* Release */,
			);
			defaultConfigurationIsVisible = 0;
		};
/* End XCConfigurationList section */
	};
	rootObject = D8820D5619E2068D006FBFDA /* Project object */;
}
